<?xml version="1.0" encoding="utf-8"?>
<Project ToolsVersion="4.0" xmlns="http://schemas.microsoft.com/developer/msbuild/2003">
  <ItemGroup>
    <Filter Include="Source Files">
      <UniqueIdentifier>{4FC737F1-C7A5-4376-A066-2A32D752A2FF}</UniqueIdentifier>
      <Extensions>cpp;c;cc;cxx;def;odl;idl;hpj;bat;asm;asmx</Extensions>
    </Filter>
    <Filter Include="Header Files">
      <UniqueIdentifier>{93995380-89BD-4b04-88EB-625FBE52EBFB}</UniqueIdentifier>
      <Extensions>h;hh;hpp;hxx;hm;inl;inc;xsd</Extensions>
    </Filter>
    <Filter Include="Resource Files">
      <UniqueIdentifier>{67DA6AB6-F800-4c08-8B7A-83BB121AAD01}</UniqueIdentifier>
      <Extensions>rc;ico;cur;bmp;dlg;rc2;rct;bin;rgs;gif;jpg;jpeg;jpe;resx;tiff;tif;png;wav;mfcribbon-ms</Extensions>
    </Filter>
    <Filter Include="Header Files\Infrastructure">
      <UniqueIdentifier>{abec7e42-c644-4e56-bb7c-c64c1ad645f6}</UniqueIdentifier>
    </Filter>
    <Filter Include="Source Files\Infrastructure">
      <UniqueIdentifier>{530c16cd-5cb5-4c4e-a18a-74e71fc9398f}</UniqueIdentifier>
    </Filter>
    <Filter Include="Source Files\Services">
      <UniqueIdentifier>{c4704210-9c31-484f-85d0-99a6226716cf}</UniqueIdentifier>
    </Filter>
    <Filter Include="Header Files\Services">
      <UniqueIdentifier>{04de39d8-b826-48e0-b94a-9202e4ae2835}</UniqueIdentifier>
    </Filter>
    <Filter Include="Header Files\Contracts">
      <UniqueIdentifier>{8b19f023-71e4-4867-92f9-309828270433}</UniqueIdentifier>
    </Filter>
    <Filter Include="Header Files\Enums">
      <UniqueIdentifier>{524090df-e09e-4054-b0c3-1b3f08b5d5cd}</UniqueIdentifier>
    </Filter>
    <Filter Include="Header Files\Games">
      <UniqueIdentifier>{1dab44a7-74b4-466c-8384-d430eaf558f4}</UniqueIdentifier>
    </Filter>
    <Filter Include="Source Files\Games">
      <UniqueIdentifier>{06785983-d1ef-4a67-beaa-6d42b424d87c}</UniqueIdentifier>
    </Filter>
  </ItemGroup>
  <ItemGroup>
    <ClCompile Include="Source.cpp">
      <Filter>Source Files</Filter>
    </ClCompile>
    <ClCompile Include="Engine.cpp">
      <Filter>Source Files</Filter>
    </ClCompile>
    <ClCompile Include="StatisticsManager.cpp">
      <Filter>Source Files</Filter>
    </ClCompile>
    <ClCompile Include="GameMenu.cpp">
      <Filter>Source Files</Filter>
    </ClCompile>
    <ClCompile Include="Constants.cpp">
      <Filter>Source Files\Infrastructure</Filter>
    </ClCompile>
    <ClCompile Include="Helpers.cpp">
      <Filter>Source Files\Infrastructure</Filter>
    </ClCompile>
    <ClCompile Include="Console.cpp">
      <Filter>Source Files\Infrastructure</Filter>
    </ClCompile>
    <ClCompile Include="InputReader.cpp">
      <Filter>Source Files\Services</Filter>
    </ClCompile>
    <ClCompile Include="GameStarter.cpp">
      <Filter>Source Files</Filter>
    </ClCompile>
    <ClCompile Include="CpuGame.cpp">
      <Filter>Source Files\Games</Filter>
    </ClCompile>
    <ClCompile Include="BaseGame.cpp">
      <Filter>Source Files\Games</Filter>
    </ClCompile>
    <ClCompile Include="PlayerGame.cpp">
      <Filter>Source Files\Games</Filter>
    </ClCompile>
    <ClCompile Include="GameLevel.h">
      <Filter>Header Files\Enums</Filter>
    </ClCompile>
    <ClCompile Include="WordGuesser.cpp">
      <Filter>Source Files\Infrastructure</Filter>
    </ClCompile>
  </ItemGroup>
  <ItemGroup>
    <ClInclude Include="Engine.h">
      <Filter>Header Files</Filter>
    </ClInclude>
    <ClInclude Include="StatisticsManager.h">
      <Filter>Header Files</Filter>
    </ClInclude>
    <ClInclude Include="GameMenu.h">
      <Filter>Header Files</Filter>
    </ClInclude>
    <ClInclude Include="Constants.h">
      <Filter>Header Files\Infrastructure</Filter>
    </ClInclude>
    <ClInclude Include="Helpers.h">
      <Filter>Header Files\Infrastructure</Filter>
    </ClInclude>
    <ClInclude Include="Console.h">
      <Filter>Header Files\Infrastructure</Filter>
    </ClInclude>
    <ClInclude Include="InputReader.h">
      <Filter>Header Files\Services</Filter>
    </ClInclude>
    <ClInclude Include="GameStarter.h">
      <Filter>Header Files</Filter>
    </ClInclude>
    <ClInclude Include="GameType.h">
      <Filter>Header Files\Enums</Filter>
    </ClInclude>
    <ClInclude Include="IDrawable.h">
      <Filter>Header Files\Contracts</Filter>
    </ClInclude>
    <ClInclude Include="BaseGame.h">
      <Filter>Header Files\Contracts</Filter>
    </ClInclude>
    <ClInclude Include="IRunnable.h">
      <Filter>Header Files\Contracts</Filter>
    </ClInclude>
    <ClInclude Include="PlayerGame.h">
      <Filter>Header Files\Games</Filter>
    </ClInclude>
    <ClInclude Include="CpuGame.h">
      <Filter>Header Files\Games</Filter>
    </ClInclude>
    <ClInclude Include="WordGuesser.h">
      <Filter>Header Files\Infrastructure</Filter>
    </ClInclude>
  </ItemGroup>
</Project>